
Microsoft Visual Studio Solution File, Format Version 12.00
# Visual Studio Version 17
VisualStudioVersion = 17.10.35027.167
MinimumVisualStudioVersion = 10.0.40219.1
Project("{FAE04EC0-301F-11D3-BF4B-00C04F79EFBC}") = "TutorialMod", "TutorialMod.csproj", "{AB56DDAB-55E1-42F3-8507-84C2FA166AFE}"
EndProject
Global
	GlobalSection(SolutionConfigurationPlatforms) = preSolution
		Debug|Any CPU = Debug|Any CPU
		Release|Any CPU = Release|Any CPU
	EndGlobalSection
	GlobalSection(ProjectConfigurationPlatforms) = postSolution
		{AB56DDAB-55E1-42F3-8507-84C2FA166AFE}.Debug|Any CPU.ActiveCfg = Debug|Any CPU
		{AB56DDAB-55E1-42F3-8507-84C2FA166AFE}.Debug|Any CPU.Build.0 = Debug|Any CPU
		{AB56DDAB-55E1-42F3-8507-84C2FA166AFE}.Release|Any CPU.ActiveCfg = Release|Any CPU
		{AB56DDAB-55E1-42F3-8507-84C2FA166AFE}.Release|Any CPU.Build.0 = Release|Any CPU
	EndGlobalSection
	GlobalSection(SolutionProperties) = preSolution
		HideSolutionNode = FALSE
	EndGlobalSection
	GlobalSection(ExtensibilityGlobals) = postSolution
		SolutionGuid = {01CD0824-8F81-45D8-999F-5D9F7A4C2F7B}
	EndGlobalSection
EndGlobal
